
Microsoft Visual Studio Solution File, Format Version 12.00
# Visual Studio 15
VisualStudioVersion = 15.0.26228.4
MinimumVisualStudioVersion = 10.0.40219.1
Project("{9A19103F-16F7-4668-BE54-9A1E7A4F7556}") = "Allen.AliyunDDNSClient", "Allen.AliyunDDNSClient\Allen.AliyunDDNSClient.csproj", "{068F5471-AD63-4227-BAA6-2BF960D4321C}"
EndProject
Project("{E53339B2-1760-4266-BCC7-CA923CBCF16C}") = "docker-compose", "docker-compose.dcproj", "{8D7C721B-839A-42BB-AA79-04DCB561A3BF}"
EndProject
Global
	GlobalSection(SolutionConfigurationPlatforms) = preSolution
		Debug|Any CPU = Debug|Any CPU
		Debug|x64 = Debug|x64
		Debug|x86 = Debug|x86
		Release|Any CPU = Release|Any CPU
		Release|x64 = Release|x64
		Release|x86 = Release|x86
	EndGlobalSection
	GlobalSection(ProjectConfigurationPlatforms) = postSolution
		{068F5471-AD63-4227-BAA6-2BF960D4321C}.Debug|Any CPU.ActiveCfg = Debug|Any CPU
		{068F5471-AD63-4227-BAA6-2BF960D4321C}.Debug|Any CPU.Build.0 = Debug|Any CPU
		{068F5471-AD63-4227-BAA6-2BF960D4321C}.Debug|x64.ActiveCfg = Debug|Any CPU
		{068F5471-AD63-4227-BAA6-2BF960D4321C}.Debug|x64.Build.0 = Debug|Any CPU
		{068F5471-AD63-4227-BAA6-2BF960D4321C}.Debug|x86.ActiveCfg = Debug|Any CPU
		{068F5471-AD63-4227-BAA6-2BF960D4321C}.Debug|x86.Build.0 = Debug|Any CPU
		{068F5471-AD63-4227-BAA6-2BF960D4321C}.Release|Any CPU.ActiveCfg = Release|Any CPU
		{068F5471-AD63-4227-BAA6-2BF960D4321C}.Release|Any CPU.Build.0 = Release|Any CPU
		{068F5471-AD63-4227-BAA6-2BF960D4321C}.Release|x64.ActiveCfg = Release|Any CPU
		{068F5471-AD63-4227-BAA6-2BF960D4321C}.Release|x64.Build.0 = Release|Any CPU
		{068F5471-AD63-4227-BAA6-2BF960D4321C}.Release|x86.ActiveCfg = Release|Any CPU
		{068F5471-AD63-4227-BAA6-2BF960D4321C}.Release|x86.Build.0 = Release|Any CPU
		{8D7C721B-839A-42BB-AA79-04DCB561A3BF}.Debug|Any CPU.ActiveCfg = Debug|Any CPU
		{8D7C721B-839A-42BB-AA79-04DCB561A3BF}.Debug|Any CPU.Build.0 = Debug|Any CPU
		{8D7C721B-839A-42BB-AA79-04DCB561A3BF}.Debug|x64.ActiveCfg = Debug|Any CPU
		{8D7C721B-839A-42BB-AA79-04DCB561A3BF}.Debug|x64.Build.0 = Debug|Any CPU
		{8D7C721B-839A-42BB-AA79-04DCB561A3BF}.Debug|x86.ActiveCfg = Debug|Any CPU
		{8D7C721B-839A-42BB-AA79-04DCB561A3BF}.Debug|x86.Build.0 = Debug|Any CPU
		{8D7C721B-839A-42BB-AA79-04DCB561A3BF}.Release|Any CPU.ActiveCfg = Release|Any CPU
		{8D7C721B-839A-42BB-AA79-04DCB561A3BF}.Release|Any CPU.Build.0 = Release|Any CPU
		{8D7C721B-839A-42BB-AA79-04DCB561A3BF}.Release|x64.ActiveCfg = Release|Any CPU
		{8D7C721B-839A-42BB-AA79-04DCB561A3BF}.Release|x64.Build.0 = Release|Any CPU
		{8D7C721B-839A-42BB-AA79-04DCB561A3BF}.Release|x86.ActiveCfg = Release|Any CPU
		{8D7C721B-839A-42BB-AA79-04DCB561A3BF}.Release|x86.Build.0 = Release|Any CPU
	EndGlobalSection
	GlobalSection(SolutionProperties) = preSolution
		HideSolutionNode = FALSE
	EndGlobalSection
EndGlobal
